
Microsoft Visual Studio Solution File, Format Version 12.00
# Visual Studio 15
VisualStudioVersion = 15.0.27428.2011
MinimumVisualStudioVersion = 10.0.40219.1
Project("{8BC9CEB8-8B4A-11D0-8D11-00A0C91BC942}") = "Task_3_3_12", "Task_3_3_12\Task_3_3_12.vcxproj", "{23B21D22-6EFE-4829-B376-73BD1ED81FB2}"
EndProject
Global
	GlobalSection(SolutionConfigurationPlatforms) = preSolution
		Debug|x64 = Debug|x64
		Debug|x86 = Debug|x86
		Release|x64 = Release|x64
		Release|x86 = Release|x86
	EndGlobalSection
	GlobalSection(ProjectConfigurationPlatforms) = postSolution
		{23B21D22-6EFE-4829-B376-73BD1ED81FB2}.Debug|x64.ActiveCfg = Debug|x64
		{23B21D22-6EFE-4829-B376-73BD1ED81FB2}.Debug|x64.Build.0 = Debug|x64
		{23B21D22-6EFE-4829-B376-73BD1ED81FB2}.Debug|x86.ActiveCfg = Debug|Win32
		{23B21D22-6EFE-4829-B376-73BD1ED81FB2}.Debug|x86.Build.0 = Debug|Win32
		{23B21D22-6EFE-4829-B376-73BD1ED81FB2}.Release|x64.ActiveCfg = Release|x64
		{23B21D22-6EFE-4829-B376-73BD1ED81FB2}.Release|x64.Build.0 = Release|x64
		{23B21D22-6EFE-4829-B376-73BD1ED81FB2}.Release|x86.ActiveCfg = Release|Win32
		{23B21D22-6EFE-4829-B376-73BD1ED81FB2}.Release|x86.Build.0 = Release|Win32
	EndGlobalSection
	GlobalSection(SolutionProperties) = preSolution
		HideSolutionNode = FALSE
	EndGlobalSection
	GlobalSection(ExtensibilityGlobals) = postSolution
		SolutionGuid = {9A236558-EDC4-4E5E-820C-E2017BA0E17C}
	EndGlobalSection
EndGlobal
