
Microsoft Visual Studio Solution File, Format Version 12.00
# Visual Studio 15
VisualStudioVersion = 15.0.27428.2011
MinimumVisualStudioVersion = 10.0.40219.1
Project("{8BC9CEB8-8B4A-11D0-8D11-00A0C91BC942}") = "Task_6_3_7", "Task_6_3_7\Task_6_3_7.vcxproj", "{DDE5A4FA-12E4-43DB-B47B-E92BCF1DFE03}"
EndProject
Global
	GlobalSection(SolutionConfigurationPlatforms) = preSolution
		Debug|x64 = Debug|x64
		Debug|x86 = Debug|x86
		Release|x64 = Release|x64
		Release|x86 = Release|x86
	EndGlobalSection
	GlobalSection(ProjectConfigurationPlatforms) = postSolution
		{DDE5A4FA-12E4-43DB-B47B-E92BCF1DFE03}.Debug|x64.ActiveCfg = Debug|x64
		{DDE5A4FA-12E4-43DB-B47B-E92BCF1DFE03}.Debug|x64.Build.0 = Debug|x64
		{DDE5A4FA-12E4-43DB-B47B-E92BCF1DFE03}.Debug|x86.ActiveCfg = Debug|Win32
		{DDE5A4FA-12E4-43DB-B47B-E92BCF1DFE03}.Debug|x86.Build.0 = Debug|Win32
		{DDE5A4FA-12E4-43DB-B47B-E92BCF1DFE03}.Release|x64.ActiveCfg = Release|x64
		{DDE5A4FA-12E4-43DB-B47B-E92BCF1DFE03}.Release|x64.Build.0 = Release|x64
		{DDE5A4FA-12E4-43DB-B47B-E92BCF1DFE03}.Release|x86.ActiveCfg = Release|Win32
		{DDE5A4FA-12E4-43DB-B47B-E92BCF1DFE03}.Release|x86.Build.0 = Release|Win32
	EndGlobalSection
	GlobalSection(SolutionProperties) = preSolution
		HideSolutionNode = FALSE
	EndGlobalSection
	GlobalSection(ExtensibilityGlobals) = postSolution
		SolutionGuid = {EEB1C767-30E1-4E8E-B456-1F38D4B64A20}
	EndGlobalSection
EndGlobal
