
Microsoft Visual Studio Solution File, Format Version 12.00
# Visual Studio 15
VisualStudioVersion = 15.0.27428.2011
MinimumVisualStudioVersion = 10.0.40219.1
Project("{8BC9CEB8-8B4A-11D0-8D11-00A0C91BC942}") = "Task_4_4_7", "Task_4_4_7\Task_4_4_7.vcxproj", "{4C68DA1A-BE21-41CB-9299-2BEE415B7EFA}"
EndProject
Global
	GlobalSection(SolutionConfigurationPlatforms) = preSolution
		Debug|x64 = Debug|x64
		Debug|x86 = Debug|x86
		Release|x64 = Release|x64
		Release|x86 = Release|x86
	EndGlobalSection
	GlobalSection(ProjectConfigurationPlatforms) = postSolution
		{4C68DA1A-BE21-41CB-9299-2BEE415B7EFA}.Debug|x64.ActiveCfg = Debug|x64
		{4C68DA1A-BE21-41CB-9299-2BEE415B7EFA}.Debug|x64.Build.0 = Debug|x64
		{4C68DA1A-BE21-41CB-9299-2BEE415B7EFA}.Debug|x86.ActiveCfg = Debug|Win32
		{4C68DA1A-BE21-41CB-9299-2BEE415B7EFA}.Debug|x86.Build.0 = Debug|Win32
		{4C68DA1A-BE21-41CB-9299-2BEE415B7EFA}.Release|x64.ActiveCfg = Release|x64
		{4C68DA1A-BE21-41CB-9299-2BEE415B7EFA}.Release|x64.Build.0 = Release|x64
		{4C68DA1A-BE21-41CB-9299-2BEE415B7EFA}.Release|x86.ActiveCfg = Release|Win32
		{4C68DA1A-BE21-41CB-9299-2BEE415B7EFA}.Release|x86.Build.0 = Release|Win32
	EndGlobalSection
	GlobalSection(SolutionProperties) = preSolution
		HideSolutionNode = FALSE
	EndGlobalSection
	GlobalSection(ExtensibilityGlobals) = postSolution
		SolutionGuid = {C5EC0A0F-6AFE-465A-A709-9F6266BE551A}
	EndGlobalSection
EndGlobal
