
Microsoft Visual Studio Solution File, Format Version 12.00
# Visual Studio 15
VisualStudioVersion = 15.0.27428.2011
MinimumVisualStudioVersion = 10.0.40219.1
Project("{8BC9CEB8-8B4A-11D0-8D11-00A0C91BC942}") = "Task_2_4_7", "Task_2_4_7\Task_2_4_7.vcxproj", "{EF62BAAC-48CD-4DED-87C2-21E60C3B3482}"
EndProject
Global
	GlobalSection(SolutionConfigurationPlatforms) = preSolution
		Debug|x64 = Debug|x64
		Debug|x86 = Debug|x86
		Release|x64 = Release|x64
		Release|x86 = Release|x86
	EndGlobalSection
	GlobalSection(ProjectConfigurationPlatforms) = postSolution
		{EF62BAAC-48CD-4DED-87C2-21E60C3B3482}.Debug|x64.ActiveCfg = Debug|x64
		{EF62BAAC-48CD-4DED-87C2-21E60C3B3482}.Debug|x64.Build.0 = Debug|x64
		{EF62BAAC-48CD-4DED-87C2-21E60C3B3482}.Debug|x86.ActiveCfg = Debug|Win32
		{EF62BAAC-48CD-4DED-87C2-21E60C3B3482}.Debug|x86.Build.0 = Debug|Win32
		{EF62BAAC-48CD-4DED-87C2-21E60C3B3482}.Release|x64.ActiveCfg = Release|x64
		{EF62BAAC-48CD-4DED-87C2-21E60C3B3482}.Release|x64.Build.0 = Release|x64
		{EF62BAAC-48CD-4DED-87C2-21E60C3B3482}.Release|x86.ActiveCfg = Release|Win32
		{EF62BAAC-48CD-4DED-87C2-21E60C3B3482}.Release|x86.Build.0 = Release|Win32
	EndGlobalSection
	GlobalSection(SolutionProperties) = preSolution
		HideSolutionNode = FALSE
	EndGlobalSection
	GlobalSection(ExtensibilityGlobals) = postSolution
		SolutionGuid = {04A76E79-CAA8-4367-9644-65001864B646}
	EndGlobalSection
EndGlobal
