
Microsoft Visual Studio Solution File, Format Version 12.00
# Visual Studio 15
VisualStudioVersion = 15.0.27428.2011
MinimumVisualStudioVersion = 10.0.40219.1
Project("{8BC9CEB8-8B4A-11D0-8D11-00A0C91BC942}") = "Task_2_2_10", "Task_2_2_10\Task_2_2_10.vcxproj", "{211830E5-5E87-463A-B0AD-C62D03851D68}"
EndProject
Global
	GlobalSection(SolutionConfigurationPlatforms) = preSolution
		Debug|x64 = Debug|x64
		Debug|x86 = Debug|x86
		Release|x64 = Release|x64
		Release|x86 = Release|x86
	EndGlobalSection
	GlobalSection(ProjectConfigurationPlatforms) = postSolution
		{211830E5-5E87-463A-B0AD-C62D03851D68}.Debug|x64.ActiveCfg = Debug|x64
		{211830E5-5E87-463A-B0AD-C62D03851D68}.Debug|x64.Build.0 = Debug|x64
		{211830E5-5E87-463A-B0AD-C62D03851D68}.Debug|x86.ActiveCfg = Debug|Win32
		{211830E5-5E87-463A-B0AD-C62D03851D68}.Debug|x86.Build.0 = Debug|Win32
		{211830E5-5E87-463A-B0AD-C62D03851D68}.Release|x64.ActiveCfg = Release|x64
		{211830E5-5E87-463A-B0AD-C62D03851D68}.Release|x64.Build.0 = Release|x64
		{211830E5-5E87-463A-B0AD-C62D03851D68}.Release|x86.ActiveCfg = Release|Win32
		{211830E5-5E87-463A-B0AD-C62D03851D68}.Release|x86.Build.0 = Release|Win32
	EndGlobalSection
	GlobalSection(SolutionProperties) = preSolution
		HideSolutionNode = FALSE
	EndGlobalSection
	GlobalSection(ExtensibilityGlobals) = postSolution
		SolutionGuid = {030BB69A-CD65-4FB4-8FDF-B80DE9BE385B}
	EndGlobalSection
EndGlobal
